// !$*UTF8*$!
{
	archiveVersion = 1;
	classes = {
	};
	objectVersion = 50;
	objects = {

/* Begin PBXBuildFile section */
		6A12B6F421D171DF00BEB742 /* AppDelegate.swift in Sources */ = {isa = PBXBuildFile; fileRef = 6A12B6F321D171DF00BEB742 /* AppDelegate.swift */; };
		6A12B6F621D171E000BEB742 /* ViewController.swift in Sources */ = {isa = PBXBuildFile; fileRef = 6A12B6F521D171E000BEB742 /* ViewController.swift */; };
		6A12B6F921D171E000BEB742 /* Main.storyboard in Resources */ = {isa = PBXBuildFile; fileRef = 6A12B6F721D171E000BEB742 /* Main.storyboard */; };
		6A12B6FB21D171E200BEB742 /* Assets.xcassets in Resources */ = {isa = PBXBuildFile; fileRef = 6A12B6FA21D171E200BEB742 /* Assets.xcassets */; };
		6A12B6FE21D171E200BEB742 /* LaunchScreen.storyboard in Resources */ = {isa = PBXBuildFile; fileRef = 6A12B6FC21D171E200BEB742 /* LaunchScreen.storyboard */; };
		6A12B70921D171E200BEB742 /* TipperTests.swift in Sources */ = {isa = PBXBuildFile; fileRef = 6A12B70821D171E200BEB742 /* TipperTests.swift */; };
		6A12B71421D171E200BEB742 /* TipperUITests.swift in Sources */ = {isa = PBXBuildFile; fileRef = 6A12B71321D171E200BEB742 /* TipperUITests.swift */; };
		6A12B72421D717B800BEB742 /* SettingsViewController.swift in Sources */ = {isa = PBXBuildFile; fileRef = 6A12B72321D717B800BEB742 /* SettingsViewController.swift */; };
/* End PBXBuildFile section */

/* Begin PBXContainerItemProxy section */
		6A12B70521D171E200BEB742 /* PBXContainerItemProxy */ = {
			isa = PBXContainerItemProxy;
			containerPortal = 6A12B6E821D171DF00BEB742 /* Project object */;
			proxyType = 1;
			remoteGlobalIDString = 6A12B6EF21D171DF00BEB742;
			remoteInfo = Tipper;
		};
		6A12B71021D171E200BEB742 /* PBXContainerItemProxy */ = {
			isa = PBXContainerItemProxy;
			containerPortal = 6A12B6E821D171DF00BEB742 /* Project object */;
			proxyType = 1;
			remoteGlobalIDString = 6A12B6EF21D171DF00BEB742;
			remoteInfo = Tipper;
		};
/* End PBXContainerItemProxy section */

/* Begin PBXFileReference section */
		6A12B6F021D171DF00BEB742 /* Tipper.app */ = {isa = PBXFileReference; explicitFileType = wrapper.application; includeInIndex = 0; path = Tipper.app; sourceTree = BUILT_PRODUCTS_DIR; };
		6A12B6F321D171DF00BEB742 /* AppDelegate.swift */ = {isa = PBXFileReference; lastKnownFileType = sourcecode.swift; path = AppDelegate.swift; sourceTree = "<group>"; };
		6A12B6F521D171E000BEB742 /* ViewController.swift */ = {isa = PBXFileReference; lastKnownFileType = sourcecode.swift; path = ViewController.swift; sourceTree = "<group>"; };
		6A12B6F821D171E000BEB742 /* Base */ = {isa = PBXFileReference; lastKnownFileType = file.storyboard; name = Base; path = Base.lproj/Main.storyboard; sourceTree = "<group>"; };
		6A12B6FA21D171E200BEB742 /* Assets.xcassets */ = {isa = PBXFileReference; lastKnownFileType = folder.assetcatalog; path = Assets.xcassets; sourceTree = "<group>"; };
		6A12B6FD21D171E200BEB742 /* Base */ = {isa = PBXFileReference; lastKnownFileType = file.storyboard; name = Base; path = Base.lproj/LaunchScreen.storyboard; sourceTree = "<group>"; };
		6A12B6FF21D171E200BEB742 /* Info.plist */ = {isa = PBXFileReference; lastKnownFileType = text.plist.xml; path = Info.plist; sourceTree = "<group>"; };
		6A12B70421D171E200BEB742 /* TipperTests.xctest */ = {isa = PBXFileReference; explicitFileType = wrapper.cfbundle; includeInIndex = 0; path = TipperTests.xctest; sourceTree = BUILT_PRODUCTS_DIR; };
		6A12B70821D171E200BEB742 /* TipperTests.swift */ = {isa = PBXFileReference; lastKnownFileType = sourcecode.swift; path = TipperTests.swift; sourceTree = "<group>"; };
		6A12B70A21D171E200BEB742 /* Info.plist */ = {isa = PBXFileReference; lastKnownFileType = text.plist.xml; path = Info.plist; sourceTree = "<group>"; };
		6A12B70F21D171E200BEB742 /* TipperUITests.xctest */ = {isa = PBXFileReference; explicitFileType = wrapper.cfbundle; includeInIndex = 0; path = TipperUITests.xctest; sourceTree = BUILT_PRODUCTS_DIR; };
		6A12B71321D171E200BEB742 /* TipperUITests.swift */ = {isa = PBXFileReference; lastKnownFileType = sourcecode.swift; path = TipperUITests.swift; sourceTree = "<group>"; };
		6A12B71521D171E200BEB742 /* Info.plist */ = {isa = PBXFileReference; lastKnownFileType = text.plist.xml; path = Info.plist; sourceTree = "<group>"; };
		6A12B72321D717B800BEB742 /* SettingsViewController.swift */ = {isa = PBXFileReference; lastKnownFileType = sourcecode.swift; path = SettingsViewController.swift; sourceTree = "<group>"; };
/* End PBXFileReference section */

/* Begin PBXFrameworksBuildPhase section */
		6A12B6ED21D171DF00BEB742 /* Frameworks */ = {
			isa = PBXFrameworksBuildPhase;
			buildActionMask = 2147483647;
			files = (
			);
			runOnlyForDeploymentPostprocessing = 0;
		};
		6A12B70121D171E200BEB742 /* Frameworks */ = {
			isa = PBXFrameworksBuildPhase;
			buildActionMask = 2147483647;
			files = (
			);
			runOnlyForDeploymentPostprocessing = 0;
		};
		6A12B70C21D171E200BEB742 /* Frameworks */ = {
			isa = PBXFrameworksBuildPhase;
			buildActionMask = 2147483647;
			files = (
			);
			runOnlyForDeploymentPostprocessing = 0;
		};
/* End PBXFrameworksBuildPhase section */

/* Begin PBXGroup section */
		6A12B6E721D171DF00BEB742 = {
			isa = PBXGroup;
			children = (
				6A12B6F221D171DF00BEB742 /* Tipper */,
				6A12B70721D171E200BEB742 /* TipperTests */,
				6A12B71221D171E200BEB742 /* TipperUITests */,
				6A12B6F121D171DF00BEB742 /* Products */,
			);
			sourceTree = "<group>";
		};
		6A12B6F121D171DF00BEB742 /* Products */ = {
			isa = PBXGroup;
			children = (
				6A12B6F021D171DF00BEB742 /* Tipper.app */,
				6A12B70421D171E200BEB742 /* TipperTests.xctest */,
				6A12B70F21D171E200BEB742 /* TipperUITests.xctest */,
			);
			name = Products;
			sourceTree = "<group>";
		};
		6A12B6F221D171DF00BEB742 /* Tipper */ = {
			isa = PBXGroup;
			children = (
				6A12B6F321D171DF00BEB742 /* AppDelegate.swift */,
				6A12B6F521D171E000BEB742 /* ViewController.swift */,
				6A12B72321D717B800BEB742 /* SettingsViewController.swift */,
				6A12B6F721D171E000BEB742 /* Main.storyboard */,
				6A12B6FA21D171E200BEB742 /* Assets.xcassets */,
				6A12B6FC21D171E200BEB742 /* LaunchScreen.storyboard */,
				6A12B6FF21D171E200BEB742 /* Info.plist */,
			);
			path = Tipper;
			sourceTree = "<group>";
		};
		6A12B70721D171E200BEB742 /* TipperTests */ = {
			isa = PBXGroup;
			children = (
				6A12B70821D171E200BEB742 /* TipperTests.swift */,
				6A12B70A21D171E200BEB742 /* Info.plist */,
			);
			path = TipperTests;
			sourceTree = "<group>";
		};
		6A12B71221D171E200BEB742 /* TipperUITests */ = {
			isa = PBXGroup;
			children = (
				6A12B71321D171E200BEB742 /* TipperUITests.swift */,
				6A12B71521D171E200BEB742 /* Info.plist */,
			);
			path = TipperUITests;
			sourceTree = "<group>";
		};
/* End PBXGroup section */

/* Begin PBXNativeTarget section */
		6A12B6EF21D171DF00BEB742 /* Tipper */ = {
			isa = PBXNativeTarget;
			buildConfigurationList = 6A12B71821D171E200BEB742 /* Build configuration list for PBXNativeTarget "Tipper" */;
			buildPhases = (
				6A12B6EC21D171DF00BEB742 /* Sources */,
				6A12B6ED21D171DF00BEB742 /* Frameworks */,
				6A12B6EE21D171DF00BEB742 /* Resources */,
			);
			buildRules = (
			);
			dependencies = (
			);
			name = Tipper;
			productName = Tipper;
			productReference = 6A12B6F021D171DF00BEB742 /* Tipper.app */;
			productType = "com.apple.product-type.application";
		};
		6A12B70321D171E200BEB742 /* TipperTests */ = {
			isa = PBXNativeTarget;
			buildConfigurationList = 6A12B71B21D171E200BEB742 /* Build configuration list for PBXNativeTarget "TipperTests" */;
			buildPhases = (
				6A12B70021D171E200BEB742 /* Sources */,
				6A12B70121D171E200BEB742 /* Frameworks */,
				6A12B70221D171E200BEB742 /* Resources */,
			);
			buildRules = (
			);
			dependencies = (
				6A12B70621D171E200BEB742 /* PBXTargetDependency */,
			);
			name = TipperTests;
			productName = TipperTests;
			productReference = 6A12B70421D171E200BEB742 /* TipperTests.xctest */;
			productType = "com.apple.product-type.bundle.unit-test";
		};
		6A12B70E21D171E200BEB742 /* TipperUITests */ = {
			isa = PBXNativeTarget;
			buildConfigurationList = 6A12B71E21D171E200BEB742 /* Build configuration list for PBXNativeTarget "TipperUITests" */;
			buildPhases = (
				6A12B70B21D171E200BEB742 /* Sources */,
				6A12B70C21D171E200BEB742 /* Frameworks */,
				6A12B70D21D171E200BEB742 /* Resources */,
			);
			buildRules = (
			);
			dependencies = (
				6A12B71121D171E200BEB742 /* PBXTargetDependency */,
			);
			name = TipperUITests;
			productName = TipperUITests;
			productReference = 6A12B70F21D171E200BEB742 /* TipperUITests.xctest */;
			productType = "com.apple.product-type.bundle.ui-testing";
		};
/* End PBXNativeTarget section */

/* Begin PBXProject section */
		6A12B6E821D171DF00BEB742 /* Project object */ = {
			isa = PBXProject;
			attributes = {
				LastSwiftUpdateCheck = 1010;
				LastUpgradeCheck = 1010;
				ORGANIZATIONNAME = "Caitlyn Chau";
				TargetAttributes = {
					6A12B6EF21D171DF00BEB742 = {
						CreatedOnToolsVersion = 10.1;
					};
					6A12B70321D171E200BEB742 = {
						CreatedOnToolsVersion = 10.1;
						TestTargetID = 6A12B6EF21D171DF00BEB742;
					};
					6A12B70E21D171E200BEB742 = {
						CreatedOnToolsVersion = 10.1;
						TestTargetID = 6A12B6EF21D171DF00BEB742;
					};
				};
			};
			buildConfigurationList = 6A12B6EB21D171DF00BEB742 /* Build configuration list for PBXProject "Tipper" */;
			compatibilityVersion = "Xcode 9.3";
			developmentRegion = en;
			hasScannedForEncodings = 0;
			knownRegions = (
				en,
				Base,
			);
			mainGroup = 6A12B6E721D171DF00BEB742;
			productRefGroup = 6A12B6F121D171DF00BEB742 /* Products */;
			projectDirPath = "";
			projectRoot = "";
			targets = (
				6A12B6EF21D171DF00BEB742 /* Tipper */,
				6A12B70321D171E200BEB742 /* TipperTests */,
				6A12B70E21D171E200BEB742 /* TipperUITests */,
			);
		};
/* End PBXProject section */

/* Begin PBXResourcesBuildPhase section */
		6A12B6EE21D171DF00BEB742 /* Resources */ = {
			isa = PBXResourcesBuildPhase;
			buildActionMask = 2147483647;
			files = (
				6A12B6FE21D171E200BEB742 /* LaunchScreen.storyboard in Resources */,
				6A12B6FB21D171E200BEB742 /* Assets.xcassets in Resources */,
				6A12B6F921D171E000BEB742 /* Main.storyboard in Resources */,
			);
			runOnlyForDeploymentPostprocessing = 0;
		};
		6A12B70221D171E200BEB742 /* Resources */ = {
			isa = PBXResourcesBuildPhase;
			buildActionMask = 2147483647;
			files = (
			);
			runOnlyForDeploymentPostprocessing = 0;
		};
		6A12B70D21D171E200BEB742 /* Resources */ = {
			isa = PBXResourcesBuildPhase;
			buildActionMask = 2147483647;
			files = (
			);
			runOnlyForDeploymentPostprocessing = 0;
		};
/* End PBXResourcesBuildPhase section */

/* Begin PBXSourcesBuildPhase section */
		6A12B6EC21D171DF00BEB742 /* Sources */ = {
			isa = PBXSourcesBuildPhase;
			buildActionMask = 2147483647;
			files = (
				6A12B6F621D171E000BEB742 /* ViewController.swift in Sources */,
				6A12B6F421D171DF00BEB742 /* AppDelegate.swift in Sources */,
				6A12B72421D717B800BEB742 /* SettingsViewController.swift in Sources */,
			);
			runOnlyForDeploymentPostprocessing = 0;
		};
		6A12B70021D171E200BEB742 /* Sources */ = {
			isa = PBXSourcesBuildPhase;
			buildActionMask = 2147483647;
			files = (
				6A12B70921D171E200BEB742 /* TipperTests.swift in Sources */,
			);
			runOnlyForDeploymentPostprocessing = 0;
		};
		6A12B70B21D171E200BEB742 /* Sources */ = {
			isa = PBXSourcesBuildPhase;
			buildActionMask = 2147483647;
			files = (
				6A12B71421D171E200BEB742 /* TipperUITests.swift in Sources */,
			);
			runOnlyForDeploymentPostprocessing = 0;
		};
/* End PBXSourcesBuildPhase section */

/* Begin PBXTargetDependency section */
		6A12B70621D171E200BEB742 /* PBXTargetDependency */ = {
			isa = PBXTargetDependency;
			target = 6A12B6EF21D171DF00BEB742 /* Tipper */;
			targetProxy = 6A12B70521D171E200BEB742 /* PBXContainerItemProxy */;
		};
		6A12B71121D171E200BEB742 /* PBXTargetDependency */ = {
			isa = PBXTargetDependency;
			target = 6A12B6EF21D171DF00BEB742 /* Tipper */;
			targetProxy = 6A12B71021D171E200BEB742 /* PBXContainerItemProxy */;
		};
/* End PBXTargetDependency section */

/* Begin PBXVariantGroup section */
		6A12B6F721D171E000BEB742 /* Main.storyboard */ = {
			isa = PBXVariantGroup;
			children = (
				6A12B6F821D171E000BEB742 /* Base */,
			);
			name = Main.storyboard;
			sourceTree = "<group>";
		};
		6A12B6FC21D171E200BEB742 /* LaunchScreen.storyboard */ = {
			isa = PBXVariantGroup;
			children = (
				6A12B6FD21D171E200BEB742 /* Base */,
			);
			name = LaunchScreen.storyboard;
			sourceTree = "<group>";
		};
/* End PBXVariantGroup section */

/* Begin XCBuildConfiguration section */
		6A12B71621D171E200BEB742 /* Debug */ = {
			isa = XCBuildConfiguration;
			buildSettings = {
				ALWAYS_SEARCH_USER_PATHS = NO;
				CLANG_ANALYZER_NONNULL = YES;
				CLANG_ANALYZER_NUMBER_OBJECT_CONVERSION = YES_AGGRESSIVE;
				CLANG_CXX_LANGUAGE_STANDARD = "gnu++14";
				CLANG_CXX_LIBRARY = "libc++";
				CLANG_ENABLE_MODULES = YES;
				CLANG_ENABLE_OBJC_ARC = YES;
				CLANG_ENABLE_OBJC_WEAK = YES;
				CLANG_WARN_BLOCK_CAPTURE_AUTORELEASING = YES;
				CLANG_WARN_BOOL_CONVERSION = YES;
				CLANG_WARN_COMMA = YES;
				CLANG_WARN_CONSTANT_CONVERSION = YES;
				CLANG_WARN_DEPRECATED_OBJC_IMPLEMENTATIONS = YES;
				CLANG_WARN_DIRECT_OBJC_ISA_USAGE = YES_ERROR;
				CLANG_WARN_DOCUMENTATION_COMMENTS = YES;
				CLANG_WARN_EMPTY_BODY = YES;
				CLANG_WARN_ENUM_CONVERSION = YES;
				CLANG_WARN_INFINITE_RECURSION = YES;
				CLANG_WARN_INT_CONVERSION = YES;
				CLANG_WARN_NON_LITERAL_NULL_CONVERSION = YES;
				CLANG_WARN_OBJC_IMPLICIT_RETAIN_SELF = YES;
				CLANG_WARN_OBJC_LITERAL_CONVERSION = YES;
				CLANG_WARN_OBJC_ROOT_CLASS = YES_ERROR;
				CLANG_WARN_RANGE_LOOP_ANALYSIS = YES;
				CLANG_WARN_STRICT_PROTOTYPES = YES;
				CLANG_WARN_SUSPICIOUS_MOVE = YES;
				CLANG_WARN_UNGUARDED_AVAILABILITY = YES_AGGRESSIVE;
				CLANG_WARN_UNREACHABLE_CODE = YES;
				CLANG_WARN__DUPLICATE_METHOD_MATCH = YES;
				CODE_SIGN_IDENTITY = "iPhone Developer";
				COPY_PHASE_STRIP = NO;
				DEBUG_INFORMATION_FORMAT = dwarf;
				ENABLE_STRICT_OBJC_MSGSEND = YES;
				ENABLE_TESTABILITY = YES;
				GCC_C_LANGUAGE_STANDARD = gnu11;
				GCC_DYNAMIC_NO_PIC = NO;
				GCC_NO_COMMON_BLOCKS = YES;
				GCC_OPTIMIZATION_LEVEL = 0;
				GCC_PREPROCESSOR_DEFINITIONS = (
					"DEBUG=1",
					"$(inherited)",
				);
				GCC_WARN_64_TO_32_BIT_CONVERSION = YES;
				GCC_WARN_ABOUT_RETURN_TYPE = YES_ERROR;
				GCC_WARN_UNDECLARED_SELECTOR = YES;
				GCC_WARN_UNINITIALIZED_AUTOS = YES_AGGRESSIVE;
				GCC_WARN_UNUSED_FUNCTION = YES;
				GCC_WARN_UNUSED_VARIABLE = YES;
				IPHONEOS_DEPLOYMENT_TARGET = 12.1;
				MTL_ENABLE_DEBUG_INFO = INCLUDE_SOURCE;
				MTL_FAST_MATH = YES;
				ONLY_ACTIVE_ARCH = YES;
				SDKROOT = iphoneos;
				SWIFT_ACTIVE_COMPILATION_CONDITIONS = DEBUG;
				SWIFT_OPTIMIZATION_LEVEL = "-Onone";
			};
			name = Debug;
		};
		6A12B71721D171E200BEB742 /* Release */ = {
			isa = XCBuildConfiguration;
			buildSettings = {
				ALWAYS_SEARCH_USER_PATHS = NO;
				CLANG_ANALYZER_NONNULL = YES;
				CLANG_ANALYZER_NUMBER_OBJECT_CONVERSION = YES_AGGRESSIVE;
				CLANG_CXX_LANGUAGE_STANDARD = "gnu++14";
				CLANG_CXX_LIBRARY = "libc++";
				CLANG_ENABLE_MODULES = YES;
				CLANG_ENABLE_OBJC_ARC = YES;
				CLANG_ENABLE_OBJC_WEAK = YES;
				CLANG_WARN_BLOCK_CAPTURE_AUTORELEASING = YES;
				CLANG_WARN_BOOL_CONVERSION = YES;
				CLANG_WARN_COMMA = YES;
				CLANG_WARN_CONSTANT_CONVERSION = YES;
				CLANG_WARN_DEPRECATED_OBJC_IMPLEMENTATIONS = YES;
				CLANG_WARN_DIRECT_OBJC_ISA_USAGE = YES_ERROR;
				CLANG_WARN_DOCUMENTATION_COMMENTS = YES;
				CLANG_WARN_EMPTY_BODY = YES;
				CLANG_WARN_ENUM_CONVERSION = YES;
				CLANG_WARN_INFINITE_RECURSION = YES;
				CLANG_WARN_INT_CONVERSION = YES;
				CLANG_WARN_NON_LITERAL_NULL_CONVERSION = YES;
				CLANG_WARN_OBJC_IMPLICIT_RETAIN_SELF = YES;
				CLANG_WARN_OBJC_LITERAL_CONVERSION = YES;
				CLANG_WARN_OBJC_ROOT_CLASS = YES_ERROR;
				CLANG_WARN_RANGE_LOOP_ANALYSIS = YES;
				CLANG_WARN_STRICT_PROTOTYPES = YES;
				CLANG_WARN_SUSPICIOUS_MOVE = YES;
				CLANG_WARN_UNGUARDED_AVAILABILITY = YES_AGGRESSIVE;
				CLANG_WARN_UNREACHABLE_CODE = YES;
				CLANG_WARN__DUPLICATE_METHOD_MATCH = YES;
				CODE_SIGN_IDENTITY = "iPhone Developer";
				COPY_PHASE_STRIP = NO;
				DEBUG_INFORMATION_FORMAT = "dwarf-with-dsym";
				ENABLE_NS_ASSERTIONS = NO;
				ENABLE_STRICT_OBJC_MSGSEND = YES;
				GCC_C_LANGUAGE_STANDARD = gnu11;
				GCC_NO_COMMON_BLOCKS = YES;
				GCC_WARN_64_TO_32_BIT_CONVERSION = YES;
				GCC_WARN_ABOUT_RETURN_TYPE = YES_ERROR;
				GCC_WARN_UNDECLARED_SELECTOR = YES;
				GCC_WARN_UNINITIALIZED_AUTOS = YES_AGGRESSIVE;
				GCC_WARN_UNUSED_FUNCTION = YES;
				GCC_WARN_UNUSED_VARIABLE = YES;
				IPHONEOS_DEPLOYMENT_TARGET = 12.1;
				MTL_ENABLE_DEBUG_INFO = NO;
				MTL_FAST_MATH = YES;
				SDKROOT = iphoneos;
				SWIFT_COMPILATION_MODE = wholemodule;
				SWIFT_OPTIMIZATION_LEVEL = "-O";
				VALIDATE_PRODUCT = YES;
			};
			name = Release;
		};
		6A12B71921D171E200BEB742 /* Debug */ = {
			isa = XCBuildConfiguration;
			buildSettings = {
				ASSETCATALOG_COMPILER_APPICON_NAME = AppIcon;
				CODE_SIGN_STYLE = Automatic;
				DEVELOPMENT_TEAM = SPB456PD5M;
				INFOPLIST_FILE = Tipper/Info.plist;
				IPHONEOS_DEPLOYMENT_TARGET = 11.0;
				LD_RUNPATH_SEARCH_PATHS = (
					"$(inherited)",
					"@executable_path/Frameworks",
				);
				PRODUCT_BUNDLE_IDENTIFIER = com.caitlyn.Tipper;
				PRODUCT_NAME = "$(TARGET_NAME)";
				SWIFT_VERSION = 4.2;
				TARGETED_DEVICE_FAMILY = "1,2";
			};
			name = Debug;
		};
		6A12B71A21D171E200BEB742 /* Release */ = {
			isa = XCBuildConfiguration;
			buildSettings = {
				ASSETCATALOG_COMPILER_APPICON_NAME = AppIcon;
				CODE_SIGN_STYLE = Automatic;
				DEVELOPMENT_TEAM = SPB456PD5M;
				INFOPLIST_FILE = Tipper/Info.plist;
				IPHONEOS_DEPLOYMENT_TARGET = 11.0;
				LD_RUNPATH_SEARCH_PATHS = (
					"$(inherited)",
					"@executable_path/Frameworks",
				);
				PRODUCT_BUNDLE_IDENTIFIER = com.caitlyn.Tipper;
				PRODUCT_NAME = "$(TARGET_NAME)";
				SWIFT_VERSION = 4.2;
				TARGETED_DEVICE_FAMILY = "1,2";
			};
			name = Release;
		};
		6A12B71C21D171E200BEB742 /* Debug */ = {
			isa = XCBuildConfiguration;
			buildSettings = {
				ALWAYS_EMBED_SWIFT_STANDARD_LIBRARIES = YES;
				BUNDLE_LOADER = "$(TEST_HOST)";
				CODE_SIGN_STYLE = Automatic;
				INFOPLIST_FILE = TipperTests/Info.plist;
				LD_RUNPATH_SEARCH_PATHS = (
					"$(inherited)",
					"@executable_path/Frameworks",
					"@loader_path/Frameworks",
				);
				PRODUCT_BUNDLE_IDENTIFIER = com.caitlyn.TipperTests;
				PRODUCT_NAME = "$(TARGET_NAME)";
				SWIFT_VERSION = 4.2;
				TARGETED_DEVICE_FAMILY = "1,2";
				TEST_HOST = "$(BUILT_PRODUCTS_DIR)/Tipper.app/Tipper";
			};
			name = Debug;
		};
		6A12B71D21D171E200BEB742 /* Release */ = {
			isa = XCBuildConfiguration;
			buildSettings = {
				ALWAYS_EMBED_SWIFT_STANDARD_LIBRARIES = YES;
				BUNDLE_LOADER = "$(TEST_HOST)";
				CODE_SIGN_STYLE = Automatic;
				INFOPLIST_FILE = TipperTests/Info.plist;
				LD_RUNPATH_SEARCH_PATHS = (
					"$(inherited)",
					"@executable_path/Frameworks",
					"@loader_path/Frameworks",
				);
				PRODUCT_BUNDLE_IDENTIFIER = com.caitlyn.TipperTests;
				PRODUCT_NAME = "$(TARGET_NAME)";
				SWIFT_VERSION = 4.2;
				TARGETED_DEVICE_FAMILY = "1,2";
				TEST_HOST = "$(BUILT_PRODUCTS_DIR)/Tipper.app/Tipper";
			};
			name = Release;
		};
		6A12B71F21D171E200BEB742 /* Debug */ = {
			isa = XCBuildConfiguration;
			buildSettings = {
				ALWAYS_EMBED_SWIFT_STANDARD_LIBRARIES = YES;
				CODE_SIGN_STYLE = Automatic;
				INFOPLIST_FILE = TipperUITests/Info.plist;
				LD_RUNPATH_SEARCH_PATHS = (
					"$(inherited)",
					"@executable_path/Frameworks",
					"@loader_path/Frameworks",
				);
				PRODUCT_BUNDLE_IDENTIFIER = com.caitlyn.TipperUITests;
				PRODUCT_NAME = "$(TARGET_NAME)";
				SWIFT_VERSION = 4.2;
				TARGETED_DEVICE_FAMILY = "1,2";
				TEST_TARGET_NAME = Tipper;
			};
			name = Debug;
		};
		6A12B72021D171E200BEB742 /* Release */ = {
			isa = XCBuildConfiguration;
			buildSettings = {
				ALWAYS_EMBED_SWIFT_STANDARD_LIBRARIES = YES;
				CODE_SIGN_STYLE = Automatic;
				INFOPLIST_FILE = TipperUITests/Info.plist;
				LD_RUNPATH_SEARCH_PATHS = (
					"$(inherited)",
					"@executable_path/Frameworks",
					"@loader_path/Frameworks",
				);
				PRODUCT_BUNDLE_IDENTIFIER = com.caitlyn.TipperUITests;
				PRODUCT_NAME = "$(TARGET_NAME)";
				SWIFT_VERSION = 4.2;
				TARGETED_DEVICE_FAMILY = "1,2";
				TEST_TARGET_NAME = Tipper;
			};
			name = Release;
		};
/* End XCBuildConfiguration section */

/* Begin XCConfigurationList section */
		6A12B6EB21D171DF00BEB742 /* Build configuration list for PBXProject "Tipper" */ = {
			isa = XCConfigurationList;
			buildConfigurations = (
				6A12B71621D171E200BEB742 /* Debug */,
				6A12B71721D171E200BEB742 /* Release */,
			);
			defaultConfigurationIsVisible = 0;
			defaultConfigurationName = Release;
		};
		6A12B71821D171E200BEB742 /* Build configuration list for PBXNativeTarget "Tipper" */ = {
			isa = XCConfigurationList;
			buildConfigurations = (
				6A12B71921D171E200BEB742 /* Debug */,
				6A12B71A21D171E200BEB742 /* Release */,
			);
			defaultConfigurationIsVisible = 0;
			defaultConfigurationName = Release;
		};
		6A12B71B21D171E200BEB742 /* Build configuration list for PBXNativeTarget "TipperTests" */ = {
			isa = XCConfigurationList;
			buildConfigurations = (
				6A12B71C21D171E200BEB742 /* Debug */,
				6A12B71D21D171E200BEB742 /* Release */,
			);
			defaultConfigurationIsVisible = 0;
			defaultConfigurationName = Release;
		};
		6A12B71E21D171E200BEB742 /* Build configuration list for PBXNativeTarget "TipperUITests" */ = {
			isa = XCConfigurationList;
			buildConfigurations = (
				6A12B71F21D171E200BEB742 /* Debug */,
				6A12B72021D171E200BEB742 /* Release */,
			);
			defaultConfigurationIsVisible = 0;
			defaultConfigurationName = Release;
		};
/* End XCConfigurationList section */
	};
	rootObject = 6A12B6E821D171DF00BEB742 /* Project object */;
}
